// !$*UTF8*$!
{
	archiveVersion = 1;
	classes = {
	};
	objectVersion = 55;
	objects = {

/* Begin PBXBuildFile section */
		10246C6B280B0C3100D34979 /* AppDelegate.swift in Sources */ = {isa = PBXBuildFile; fileRef = 10246C6A280B0C3100D34979 /* AppDelegate.swift */; };
		10246C6D280B0C3100D34979 /* SceneDelegate.swift in Sources */ = {isa = PBXBuildFile; fileRef = 10246C6C280B0C3100D34979 /* SceneDelegate.swift */; };
		10246C6F280B0C3100D34979 /* ViewController.swift in Sources */ = {isa = PBXBuildFile; fileRef = 10246C6E280B0C3100D34979 /* ViewController.swift */; };
		10246C72280B0C3100D34979 /* Main.storyboard in Resources */ = {isa = PBXBuildFile; fileRef = 10246C70280B0C3100D34979 /* Main.storyboard */; };
		10246C74280B0C3200D34979 /* Assets.xcassets in Resources */ = {isa = PBXBuildFile; fileRef = 10246C73280B0C3200D34979 /* Assets.xcassets */; };
		10246C77280B0C3200D34979 /* LaunchScreen.storyboard in Resources */ = {isa = PBXBuildFile; fileRef = 10246C75280B0C3200D34979 /* LaunchScreen.storyboard */; };
		10246C85280B0C5C00D34979 /* TDDToDoAppTests.swift in Sources */ = {isa = PBXBuildFile; fileRef = 10246C84280B0C5C00D34979 /* TDDToDoAppTests.swift */; };
		10246C91280B0E2F00D34979 /* TaskTests.swift in Sources */ = {isa = PBXBuildFile; fileRef = 10246C90280B0E2F00D34979 /* TaskTests.swift */; };
		10246C93280B0EC600D34979 /* Task.swift in Sources */ = {isa = PBXBuildFile; fileRef = 10246C92280B0EC600D34979 /* Task.swift */; };
/* End PBXBuildFile section */

/* Begin PBXContainerItemProxy section */
		10246C86280B0C5C00D34979 /* PBXContainerItemProxy */ = {
			isa = PBXContainerItemProxy;
			containerPortal = 10246C5F280B0C3100D34979 /* Project object */;
			proxyType = 1;
			remoteGlobalIDString = 10246C66280B0C3100D34979;
			remoteInfo = TDDToDoApp;
		};
/* End PBXContainerItemProxy section */

/* Begin PBXFileReference section */
		10246C67280B0C3100D34979 /* TDDToDoApp.app */ = {isa = PBXFileReference; explicitFileType = wrapper.application; includeInIndex = 0; path = TDDToDoApp.app; sourceTree = BUILT_PRODUCTS_DIR; };
		10246C6A280B0C3100D34979 /* AppDelegate.swift */ = {isa = PBXFileReference; lastKnownFileType = sourcecode.swift; path = AppDelegate.swift; sourceTree = "<group>"; };
		10246C6C280B0C3100D34979 /* SceneDelegate.swift */ = {isa = PBXFileReference; lastKnownFileType = sourcecode.swift; path = SceneDelegate.swift; sourceTree = "<group>"; };
		10246C6E280B0C3100D34979 /* ViewController.swift */ = {isa = PBXFileReference; lastKnownFileType = sourcecode.swift; path = ViewController.swift; sourceTree = "<group>"; };
		10246C71280B0C3100D34979 /* Base */ = {isa = PBXFileReference; lastKnownFileType = file.storyboard; name = Base; path = Base.lproj/Main.storyboard; sourceTree = "<group>"; };
		10246C73280B0C3200D34979 /* Assets.xcassets */ = {isa = PBXFileReference; lastKnownFileType = folder.assetcatalog; path = Assets.xcassets; sourceTree = "<group>"; };
		10246C76280B0C3200D34979 /* Base */ = {isa = PBXFileReference; lastKnownFileType = file.storyboard; name = Base; path = Base.lproj/LaunchScreen.storyboard; sourceTree = "<group>"; };
		10246C78280B0C3200D34979 /* Info.plist */ = {isa = PBXFileReference; lastKnownFileType = text.plist.xml; path = Info.plist; sourceTree = "<group>"; };
		10246C82280B0C5C00D34979 /* TDDToDoAppTests.xctest */ = {isa = PBXFileReference; explicitFileType = wrapper.cfbundle; includeInIndex = 0; path = TDDToDoAppTests.xctest; sourceTree = BUILT_PRODUCTS_DIR; };
		10246C84280B0C5C00D34979 /* TDDToDoAppTests.swift */ = {isa = PBXFileReference; lastKnownFileType = sourcecode.swift; path = TDDToDoAppTests.swift; sourceTree = "<group>"; };
		10246C90280B0E2F00D34979 /* TaskTests.swift */ = {isa = PBXFileReference; lastKnownFileType = sourcecode.swift; path = TaskTests.swift; sourceTree = "<group>"; };
		10246C92280B0EC600D34979 /* Task.swift */ = {isa = PBXFileReference; lastKnownFileType = sourcecode.swift; path = Task.swift; sourceTree = "<group>"; };
/* End PBXFileReference section */

/* Begin PBXFrameworksBuildPhase section */
		10246C64280B0C3100D34979 /* Frameworks */ = {
			isa = PBXFrameworksBuildPhase;
			buildActionMask = 2147483647;
			files = (
			);
			runOnlyForDeploymentPostprocessing = 0;
		};
		10246C7F280B0C5C00D34979 /* Frameworks */ = {
			isa = PBXFrameworksBuildPhase;
			buildActionMask = 2147483647;
			files = (
			);
			runOnlyForDeploymentPostprocessing = 0;
		};
/* End PBXFrameworksBuildPhase section */

/* Begin PBXGroup section */
		10246C5E280B0C3100D34979 = {
			isa = PBXGroup;
			children = (
				10246C69280B0C3100D34979 /* TDDToDoApp */,
				10246C83280B0C5C00D34979 /* TDDToDoAppTests */,
				10246C68280B0C3100D34979 /* Products */,
			);
			sourceTree = "<group>";
		};
		10246C68280B0C3100D34979 /* Products */ = {
			isa = PBXGroup;
			children = (
				10246C67280B0C3100D34979 /* TDDToDoApp.app */,
				10246C82280B0C5C00D34979 /* TDDToDoAppTests.xctest */,
			);
			name = Products;
			sourceTree = "<group>";
		};
		10246C69280B0C3100D34979 /* TDDToDoApp */ = {
			isa = PBXGroup;
			children = (
				10246C8D280B0C7A00D34979 /* Controller */,
				10246C8C280B0C7500D34979 /* View */,
				10246C8B280B0C6F00D34979 /* Model */,
				10246C8E280B0C8700D34979 /* Files */,
				10246C78280B0C3200D34979 /* Info.plist */,
			);
			path = TDDToDoApp;
			sourceTree = "<group>";
		};
		10246C83280B0C5C00D34979 /* TDDToDoAppTests */ = {
			isa = PBXGroup;
			children = (
				10246C8F280B0E1A00D34979 /* Model */,
				10246C84280B0C5C00D34979 /* TDDToDoAppTests.swift */,
			);
			path = TDDToDoAppTests;
			sourceTree = "<group>";
		};
		10246C8B280B0C6F00D34979 /* Model */ = {
			isa = PBXGroup;
			children = (
				10246C92280B0EC600D34979 /* Task.swift */,
			);
			path = Model;
			sourceTree = "<group>";
		};
		10246C8C280B0C7500D34979 /* View */ = {
			isa = PBXGroup;
			children = (
				10246C70280B0C3100D34979 /* Main.storyboard */,
			);
			path = View;
			sourceTree = "<group>";
		};
		10246C8D280B0C7A00D34979 /* Controller */ = {
			isa = PBXGroup;
			children = (
				10246C6E280B0C3100D34979 /* ViewController.swift */,
			);
			path = Controller;
			sourceTree = "<group>";
		};
		10246C8E280B0C8700D34979 /* Files */ = {
			isa = PBXGroup;
			children = (
				10246C6A280B0C3100D34979 /* AppDelegate.swift */,
				10246C6C280B0C3100D34979 /* SceneDelegate.swift */,
				10246C73280B0C3200D34979 /* Assets.xcassets */,
				10246C75280B0C3200D34979 /* LaunchScreen.storyboard */,
			);
			path = Files;
			sourceTree = "<group>";
		};
		10246C8F280B0E1A00D34979 /* Model */ = {
			isa = PBXGroup;
			children = (
				10246C90280B0E2F00D34979 /* TaskTests.swift */,
			);
			path = Model;
			sourceTree = "<group>";
		};
/* End PBXGroup section */

/* Begin PBXNativeTarget section */
		10246C66280B0C3100D34979 /* TDDToDoApp */ = {
			isa = PBXNativeTarget;
			buildConfigurationList = 10246C7B280B0C3200D34979 /* Build configuration list for PBXNativeTarget "TDDToDoApp" */;
			buildPhases = (
				10246C63280B0C3100D34979 /* Sources */,
				10246C64280B0C3100D34979 /* Frameworks */,
				10246C65280B0C3100D34979 /* Resources */,
			);
			buildRules = (
			);
			dependencies = (
			);
			name = TDDToDoApp;
			productName = TDDToDoApp;
			productReference = 10246C67280B0C3100D34979 /* TDDToDoApp.app */;
			productType = "com.apple.product-type.application";
		};
		10246C81280B0C5C00D34979 /* TDDToDoAppTests */ = {
			isa = PBXNativeTarget;
			buildConfigurationList = 10246C88280B0C5C00D34979 /* Build configuration list for PBXNativeTarget "TDDToDoAppTests" */;
			buildPhases = (
				10246C7E280B0C5C00D34979 /* Sources */,
				10246C7F280B0C5C00D34979 /* Frameworks */,
				10246C80280B0C5C00D34979 /* Resources */,
			);
			buildRules = (
			);
			dependencies = (
				10246C87280B0C5C00D34979 /* PBXTargetDependency */,
			);
			name = TDDToDoAppTests;
			productName = TDDToDoAppTests;
			productReference = 10246C82280B0C5C00D34979 /* TDDToDoAppTests.xctest */;
			productType = "com.apple.product-type.bundle.unit-test";
		};
/* End PBXNativeTarget section */

/* Begin PBXProject section */
		10246C5F280B0C3100D34979 /* Project object */ = {
			isa = PBXProject;
			attributes = {
				BuildIndependentTargetsInParallel = 1;
				LastSwiftUpdateCheck = 1330;
				LastUpgradeCheck = 1330;
				TargetAttributes = {
					10246C66280B0C3100D34979 = {
						CreatedOnToolsVersion = 13.3;
					};
					10246C81280B0C5C00D34979 = {
						CreatedOnToolsVersion = 13.3;
						TestTargetID = 10246C66280B0C3100D34979;
					};
				};
			};
			buildConfigurationList = 10246C62280B0C3100D34979 /* Build configuration list for PBXProject "TDDToDoApp" */;
			compatibilityVersion = "Xcode 13.0";
			developmentRegion = en;
			hasScannedForEncodings = 0;
			knownRegions = (
				en,
				Base,
			);
			mainGroup = 10246C5E280B0C3100D34979;
			productRefGroup = 10246C68280B0C3100D34979 /* Products */;
			projectDirPath = "";
			projectRoot = "";
			targets = (
				10246C66280B0C3100D34979 /* TDDToDoApp */,
				10246C81280B0C5C00D34979 /* TDDToDoAppTests */,
			);
		};
/* End PBXProject section */

/* Begin PBXResourcesBuildPhase section */
		10246C65280B0C3100D34979 /* Resources */ = {
			isa = PBXResourcesBuildPhase;
			buildActionMask = 2147483647;
			files = (
				10246C77280B0C3200D34979 /* LaunchScreen.storyboard in Resources */,
				10246C74280B0C3200D34979 /* Assets.xcassets in Resources */,
				10246C72280B0C3100D34979 /* Main.storyboard in Resources */,
			);
			runOnlyForDeploymentPostprocessing = 0;
		};
		10246C80280B0C5C00D34979 /* Resources */ = {
			isa = PBXResourcesBuildPhase;
			buildActionMask = 2147483647;
			files = (
			);
			runOnlyForDeploymentPostprocessing = 0;
		};
/* End PBXResourcesBuildPhase section */

/* Begin PBXSourcesBuildPhase section */
		10246C63280B0C3100D34979 /* Sources */ = {
			isa = PBXSourcesBuildPhase;
			buildActionMask = 2147483647;
			files = (
				10246C93280B0EC600D34979 /* Task.swift in Sources */,
				10246C6F280B0C3100D34979 /* ViewController.swift in Sources */,
				10246C6B280B0C3100D34979 /* AppDelegate.swift in Sources */,
				10246C6D280B0C3100D34979 /* SceneDelegate.swift in Sources */,
			);
			runOnlyForDeploymentPostprocessing = 0;
		};
		10246C7E280B0C5C00D34979 /* Sources */ = {
			isa = PBXSourcesBuildPhase;
			buildActionMask = 2147483647;
			files = (
				10246C91280B0E2F00D34979 /* TaskTests.swift in Sources */,
				10246C85280B0C5C00D34979 /* TDDToDoAppTests.swift in Sources */,
			);
			runOnlyForDeploymentPostprocessing = 0;
		};
/* End PBXSourcesBuildPhase section */

/* Begin PBXTargetDependency section */
		10246C87280B0C5C00D34979 /* PBXTargetDependency */ = {
			isa = PBXTargetDependency;
			target = 10246C66280B0C3100D34979 /* TDDToDoApp */;
			targetProxy = 10246C86280B0C5C00D34979 /* PBXContainerItemProxy */;
		};
/* End PBXTargetDependency section */

/* Begin PBXVariantGroup section */
		10246C70280B0C3100D34979 /* Main.storyboard */ = {
			isa = PBXVariantGroup;
			children = (
				10246C71280B0C3100D34979 /* Base */,
			);
			name = Main.storyboard;
			sourceTree = "<group>";
		};
		10246C75280B0C3200D34979 /* LaunchScreen.storyboard */ = {
			isa = PBXVariantGroup;
			children = (
				10246C76280B0C3200D34979 /* Base */,
			);
			name = LaunchScreen.storyboard;
			sourceTree = "<group>";
		};
/* End PBXVariantGroup section */

/* Begin XCBuildConfiguration section */
		10246C79280B0C3200D34979 /* Debug */ = {
			isa = XCBuildConfiguration;
			buildSettings = {
				ALWAYS_SEARCH_USER_PATHS = NO;
				CLANG_ANALYZER_NONNULL = YES;
				CLANG_ANALYZER_NUMBER_OBJECT_CONVERSION = YES_AGGRESSIVE;
				CLANG_CXX_LANGUAGE_STANDARD = "gnu++17";
				CLANG_ENABLE_MODULES = YES;
				CLANG_ENABLE_OBJC_ARC = YES;
				CLANG_ENABLE_OBJC_WEAK = YES;
				CLANG_WARN_BLOCK_CAPTURE_AUTORELEASING = YES;
				CLANG_WARN_BOOL_CONVERSION = YES;
				CLANG_WARN_COMMA = YES;
				CLANG_WARN_CONSTANT_CONVERSION = YES;
				CLANG_WARN_DEPRECATED_OBJC_IMPLEMENTATIONS = YES;
				CLANG_WARN_DIRECT_OBJC_ISA_USAGE = YES_ERROR;
				CLANG_WARN_DOCUMENTATION_COMMENTS = YES;
				CLANG_WARN_EMPTY_BODY = YES;
				CLANG_WARN_ENUM_CONVERSION = YES;
				CLANG_WARN_INFINITE_RECURSION = YES;
				CLANG_WARN_INT_CONVERSION = YES;
				CLANG_WARN_NON_LITERAL_NULL_CONVERSION = YES;
				CLANG_WARN_OBJC_IMPLICIT_RETAIN_SELF = YES;
				CLANG_WARN_OBJC_LITERAL_CONVERSION = YES;
				CLANG_WARN_OBJC_ROOT_CLASS = YES_ERROR;
				CLANG_WARN_QUOTED_INCLUDE_IN_FRAMEWORK_HEADER = YES;
				CLANG_WARN_RANGE_LOOP_ANALYSIS = YES;
				CLANG_WARN_STRICT_PROTOTYPES = YES;
				CLANG_WARN_SUSPICIOUS_MOVE = YES;
				CLANG_WARN_UNGUARDED_AVAILABILITY = YES_AGGRESSIVE;
				CLANG_WARN_UNREACHABLE_CODE = YES;
				CLANG_WARN__DUPLICATE_METHOD_MATCH = YES;
				COPY_PHASE_STRIP = NO;
				DEBUG_INFORMATION_FORMAT = dwarf;
				ENABLE_STRICT_OBJC_MSGSEND = YES;
				ENABLE_TESTABILITY = YES;
				GCC_C_LANGUAGE_STANDARD = gnu11;
				GCC_DYNAMIC_NO_PIC = NO;
				GCC_NO_COMMON_BLOCKS = YES;
				GCC_OPTIMIZATION_LEVEL = 0;
				GCC_PREPROCESSOR_DEFINITIONS = (
					"DEBUG=1",
					"$(inherited)",
				);
				GCC_WARN_64_TO_32_BIT_CONVERSION = YES;
				GCC_WARN_ABOUT_RETURN_TYPE = YES_ERROR;
				GCC_WARN_UNDECLARED_SELECTOR = YES;
				GCC_WARN_UNINITIALIZED_AUTOS = YES_AGGRESSIVE;
				GCC_WARN_UNUSED_FUNCTION = YES;
				GCC_WARN_UNUSED_VARIABLE = YES;
				IPHONEOS_DEPLOYMENT_TARGET = 15.4;
				MTL_ENABLE_DEBUG_INFO = INCLUDE_SOURCE;
				MTL_FAST_MATH = YES;
				ONLY_ACTIVE_ARCH = YES;
				SDKROOT = iphoneos;
				SWIFT_ACTIVE_COMPILATION_CONDITIONS = DEBUG;
				SWIFT_OPTIMIZATION_LEVEL = "-Onone";
			};
			name = Debug;
		};
		10246C7A280B0C3200D34979 /* Release */ = {
			isa = XCBuildConfiguration;
			buildSettings = {
				ALWAYS_SEARCH_USER_PATHS = NO;
				CLANG_ANALYZER_NONNULL = YES;
				CLANG_ANALYZER_NUMBER_OBJECT_CONVERSION = YES_AGGRESSIVE;
				CLANG_CXX_LANGUAGE_STANDARD = "gnu++17";
				CLANG_ENABLE_MODULES = YES;
				CLANG_ENABLE_OBJC_ARC = YES;
				CLANG_ENABLE_OBJC_WEAK = YES;
				CLANG_WARN_BLOCK_CAPTURE_AUTORELEASING = YES;
				CLANG_WARN_BOOL_CONVERSION = YES;
				CLANG_WARN_COMMA = YES;
				CLANG_WARN_CONSTANT_CONVERSION = YES;
				CLANG_WARN_DEPRECATED_OBJC_IMPLEMENTATIONS = YES;
				CLANG_WARN_DIRECT_OBJC_ISA_USAGE = YES_ERROR;
				CLANG_WARN_DOCUMENTATION_COMMENTS = YES;
				CLANG_WARN_EMPTY_BODY = YES;
				CLANG_WARN_ENUM_CONVERSION = YES;
				CLANG_WARN_INFINITE_RECURSION = YES;
				CLANG_WARN_INT_CONVERSION = YES;
				CLANG_WARN_NON_LITERAL_NULL_CONVERSION = YES;
				CLANG_WARN_OBJC_IMPLICIT_RETAIN_SELF = YES;
				CLANG_WARN_OBJC_LITERAL_CONVERSION = YES;
				CLANG_WARN_OBJC_ROOT_CLASS = YES_ERROR;
				CLANG_WARN_QUOTED_INCLUDE_IN_FRAMEWORK_HEADER = YES;
				CLANG_WARN_RANGE_LOOP_ANALYSIS = YES;
				CLANG_WARN_STRICT_PROTOTYPES = YES;
				CLANG_WARN_SUSPICIOUS_MOVE = YES;
				CLANG_WARN_UNGUARDED_AVAILABILITY = YES_AGGRESSIVE;
				CLANG_WARN_UNREACHABLE_CODE = YES;
				CLANG_WARN__DUPLICATE_METHOD_MATCH = YES;
				COPY_PHASE_STRIP = NO;
				DEBUG_INFORMATION_FORMAT = "dwarf-with-dsym";
				ENABLE_NS_ASSERTIONS = NO;
				ENABLE_STRICT_OBJC_MSGSEND = YES;
				GCC_C_LANGUAGE_STANDARD = gnu11;
				GCC_NO_COMMON_BLOCKS = YES;
				GCC_WARN_64_TO_32_BIT_CONVERSION = YES;
				GCC_WARN_ABOUT_RETURN_TYPE = YES_ERROR;
				GCC_WARN_UNDECLARED_SELECTOR = YES;
				GCC_WARN_UNINITIALIZED_AUTOS = YES_AGGRESSIVE;
				GCC_WARN_UNUSED_FUNCTION = YES;
				GCC_WARN_UNUSED_VARIABLE = YES;
				IPHONEOS_DEPLOYMENT_TARGET = 15.4;
				MTL_ENABLE_DEBUG_INFO = NO;
				MTL_FAST_MATH = YES;
				SDKROOT = iphoneos;
				SWIFT_COMPILATION_MODE = wholemodule;
				SWIFT_OPTIMIZATION_LEVEL = "-O";
				VALIDATE_PRODUCT = YES;
			};
			name = Release;
		};
		10246C7C280B0C3200D34979 /* Debug */ = {
			isa = XCBuildConfiguration;
			buildSettings = {
				ASSETCATALOG_COMPILER_APPICON_NAME = AppIcon;
				ASSETCATALOG_COMPILER_GLOBAL_ACCENT_COLOR_NAME = AccentColor;
				CODE_SIGN_STYLE = Automatic;
				CURRENT_PROJECT_VERSION = 1;
				GENERATE_INFOPLIST_FILE = YES;
				INFOPLIST_FILE = TDDToDoApp/Info.plist;
				INFOPLIST_KEY_UIApplicationSupportsIndirectInputEvents = YES;
				INFOPLIST_KEY_UILaunchStoryboardName = LaunchScreen;
				INFOPLIST_KEY_UIMainStoryboardFile = Main;
				INFOPLIST_KEY_UISupportedInterfaceOrientations_iPad = "UIInterfaceOrientationPortrait UIInterfaceOrientationPortraitUpsideDown UIInterfaceOrientationLandscapeLeft UIInterfaceOrientationLandscapeRight";
				INFOPLIST_KEY_UISupportedInterfaceOrientations_iPhone = "UIInterfaceOrientationPortrait UIInterfaceOrientationLandscapeLeft UIInterfaceOrientationLandscapeRight";
				LD_RUNPATH_SEARCH_PATHS = (
					"$(inherited)",
					"@executable_path/Frameworks",
				);
				MARKETING_VERSION = 1.0;
				PRODUCT_BUNDLE_IDENTIFIER = com.myapps.TDDToDoApp;
				PRODUCT_NAME = "$(TARGET_NAME)";
				SWIFT_EMIT_LOC_STRINGS = YES;
				SWIFT_VERSION = 5.0;
				TARGETED_DEVICE_FAMILY = "1,2";
			};
			name = Debug;
		};
		10246C7D280B0C3200D34979 /* Release */ = {
			isa = XCBuildConfiguration;
			buildSettings = {
				ASSETCATALOG_COMPILER_APPICON_NAME = AppIcon;
				ASSETCATALOG_COMPILER_GLOBAL_ACCENT_COLOR_NAME = AccentColor;
				CODE_SIGN_STYLE = Automatic;
				CURRENT_PROJECT_VERSION = 1;
				GENERATE_INFOPLIST_FILE = YES;
				INFOPLIST_FILE = TDDToDoApp/Info.plist;
				INFOPLIST_KEY_UIApplicationSupportsIndirectInputEvents = YES;
				INFOPLIST_KEY_UILaunchStoryboardName = LaunchScreen;
				INFOPLIST_KEY_UIMainStoryboardFile = Main;
				INFOPLIST_KEY_UISupportedInterfaceOrientations_iPad = "UIInterfaceOrientationPortrait UIInterfaceOrientationPortraitUpsideDown UIInterfaceOrientationLandscapeLeft UIInterfaceOrientationLandscapeRight";
				INFOPLIST_KEY_UISupportedInterfaceOrientations_iPhone = "UIInterfaceOrientationPortrait UIInterfaceOrientationLandscapeLeft UIInterfaceOrientationLandscapeRight";
				LD_RUNPATH_SEARCH_PATHS = (
					"$(inherited)",
					"@executable_path/Frameworks",
				);
				MARKETING_VERSION = 1.0;
				PRODUCT_BUNDLE_IDENTIFIER = com.myapps.TDDToDoApp;
				PRODUCT_NAME = "$(TARGET_NAME)";
				SWIFT_EMIT_LOC_STRINGS = YES;
				SWIFT_VERSION = 5.0;
				TARGETED_DEVICE_FAMILY = "1,2";
			};
			name = Release;
		};
		10246C89280B0C5C00D34979 /* Debug */ = {
			isa = XCBuildConfiguration;
			buildSettings = {
				BUNDLE_LOADER = "$(TEST_HOST)";
				CODE_SIGN_STYLE = Automatic;
				CURRENT_PROJECT_VERSION = 1;
				GENERATE_INFOPLIST_FILE = YES;
				MARKETING_VERSION = 1.0;
				PRODUCT_BUNDLE_IDENTIFIER = com.myapps.TDDToDoAppTests;
				PRODUCT_NAME = "$(TARGET_NAME)";
				SWIFT_EMIT_LOC_STRINGS = NO;
				SWIFT_VERSION = 5.0;
				TARGETED_DEVICE_FAMILY = "1,2";
				TEST_HOST = "$(BUILT_PRODUCTS_DIR)/TDDToDoApp.app/TDDToDoApp";
			};
			name = Debug;
		};
		10246C8A280B0C5C00D34979 /* Release */ = {
			isa = XCBuildConfiguration;
			buildSettings = {
				BUNDLE_LOADER = "$(TEST_HOST)";
				CODE_SIGN_STYLE = Automatic;
				CURRENT_PROJECT_VERSION = 1;
				GENERATE_INFOPLIST_FILE = YES;
				MARKETING_VERSION = 1.0;
				PRODUCT_BUNDLE_IDENTIFIER = com.myapps.TDDToDoAppTests;
				PRODUCT_NAME = "$(TARGET_NAME)";
				SWIFT_EMIT_LOC_STRINGS = NO;
				SWIFT_VERSION = 5.0;
				TARGETED_DEVICE_FAMILY = "1,2";
				TEST_HOST = "$(BUILT_PRODUCTS_DIR)/TDDToDoApp.app/TDDToDoApp";
			};
			name = Release;
		};
/* End XCBuildConfiguration section */

/* Begin XCConfigurationList section */
		10246C62280B0C3100D34979 /* Build configuration list for PBXProject "TDDToDoApp" */ = {
			isa = XCConfigurationList;
			buildConfigurations = (
				10246C79280B0C3200D34979 /* Debug */,
				10246C7A280B0C3200D34979 /* Release */,
			);
			defaultConfigurationIsVisible = 0;
			defaultConfigurationName = Release;
		};
		10246C7B280B0C3200D34979 /* Build configuration list for PBXNativeTarget "TDDToDoApp" */ = {
			isa = XCConfigurationList;
			buildConfigurations = (
				10246C7C280B0C3200D34979 /* Debug */,
				10246C7D280B0C3200D34979 /* Release */,
			);
			defaultConfigurationIsVisible = 0;
			defaultConfigurationName = Release;
		};
		10246C88280B0C5C00D34979 /* Build configuration list for PBXNativeTarget "TDDToDoAppTests" */ = {
			isa = XCConfigurationList;
			buildConfigurations = (
				10246C89280B0C5C00D34979 /* Debug */,
				10246C8A280B0C5C00D34979 /* Release */,
			);
			defaultConfigurationIsVisible = 0;
			defaultConfigurationName = Release;
		};
/* End XCConfigurationList section */
	};
	rootObject = 10246C5F280B0C3100D34979 /* Project object */;
}
